
Microsoft Visual Studio Solution File, Format Version 12.00
# Visual Studio Version 16
VisualStudioVersion = 16.0.32802.440
MinimumVisualStudioVersion = 10.0.40219.1
Project("{FAE04EC0-301F-11D3-BF4B-00C04F79EFBC}") = "Semi_Project", "adam.i\Semi_Project\Semi_Project\Semi_Project\Semi_Project.csproj", "{E316C574-09E6-462A-A852-EB7B172FF336}"
EndProject
Project("{2150E333-8FDC-42A3-9474-1A3956D46DE8}") = "Adam.i", "Adam.i", "{1096060A-4C06-4A9A-88C5-4B22A902F4A5}"
EndProject
Project("{2150E333-8FDC-42A3-9474-1A3956D46DE8}") = "ariel.g", "ariel.g", "{D9896A8A-B24D-4F78-AEE0-D3E96BC52279}"
EndProject
Project("{FAE04EC0-301F-11D3-BF4B-00C04F79EFBC}") = "final_half_project", "ariel.g\half_project (2)\half_project (1)\final_half_project.csproj", "{32A75F21-C87F-42B1-9DAC-430222C1F060}"
EndProject
Project("{2150E333-8FDC-42A3-9474-1A3956D46DE8}") = "daniel.h", "daniel.h", "{264FB73F-17ED-412D-BF50-8AD52AADF1D9}"
EndProject
Project("{FAE04EC0-301F-11D3-BF4B-00C04F79EFBC}") = "project", "daniel.h\project1\bin (3) (1)\bin (2)\bin (1)\matala5\project.csproj", "{A14C32B3-E0A0-4558-961F-49A605A23D28}"
EndProject
Project("{2150E333-8FDC-42A3-9474-1A3956D46DE8}") = "doron.e", "doron.e", "{2E846333-325E-484A-A331-A135C9F1B007}"
EndProject
Project("{FAE04EC0-301F-11D3-BF4B-00C04F79EFBC}") = "project_lego_x", "doron.e\project_lego_x\project_lego_x\project_lego_x\project_lego_x\project_lego_x.csproj", "{CB11517E-B4F4-42CC-B82E-DE14344931FC}"
EndProject
Project("{2150E333-8FDC-42A3-9474-1A3956D46DE8}") = "eitan.n", "eitan.n", "{466760AD-EA71-46B6-AB04-9CFDA5FA8708}"
EndProject
Project("{FAE04EC0-301F-11D3-BF4B-00C04F79EFBC}") = "WebApplication3", "eitan.n\פרויקט חצי\WebApplication3\WebApplication3.csproj", "{DFC5DA69-64FE-42B1-AE5E-6B942544EB88}"
EndProject
Project("{2150E333-8FDC-42A3-9474-1A3956D46DE8}") = "harel.g", "harel.g", "{1F380B73-4493-485C-92CA-470C6BACF264}"
EndProject
Project("{FAE04EC0-301F-11D3-BF4B-00C04F79EFBC}") = "semesterproj", "harel.g\semesterproj\semesterproj\semesterproj\semesterproj.csproj", "{57DE5563-8021-4A70-B08C-3B24D2EEB2D5}"
EndProject
Project("{2150E333-8FDC-42A3-9474-1A3956D46DE8}") = "itai.a", "itai.a", "{210EAB70-CD6E-446E-8720-25D1ECEF43F8}"
EndProject
Project("{FAE04EC0-301F-11D3-BF4B-00C04F79EFBC}") = "Mahatzit-Project_plus", "itai.a\MAHATZIT_PLUS\Mahatzit-Project_plus.csproj", "{C1382E47-1965-45FC-8633-F8BFC8103430}"
EndProject
Project("{FAE04EC0-301F-11D3-BF4B-00C04F79EFBC}") = "Mahatzit-Project_done", "itai.a\Mahatzit_Project_DONE\Mahatzit-Project_done.csproj", "{BA1330ED-A0EF-4D1B-A0A1-4BBCE58964DE}"
EndProject
Project("{2150E333-8FDC-42A3-9474-1A3956D46DE8}") = "keshet.l", "keshet.l", "{55DF9BAA-9A28-4805-BB8A-5647F047645A}"
EndProject
Project("{FAE04EC0-301F-11D3-BF4B-00C04F79EFBC}") = "website", "keshet.l\website (2)\website\website\website.csproj", "{4E9776F4-F346-4581-B98B-4D9A33D1159F}"
EndProject
Project("{2150E333-8FDC-42A3-9474-1A3956D46DE8}") = "kfir.s", "kfir.s", "{A6ECAD56-0C55-487A-BC49-44208EC15931}"
EndProject
Project("{FAE04EC0-301F-11D3-BF4B-00C04F79EFBC}") = "MusicStore", "kfir.s\MyGuitar-MusicStore (2)\MyGuitar-MusicStore\MusicStore-20230122T164740Z-001\MusicStore\MusicStore.csproj", "{3FDED858-8F6D-4D2B-AFCB-BA1AD7C94451}"
EndProject
Project("{2150E333-8FDC-42A3-9474-1A3956D46DE8}") = "linoy.m", "linoy.m", "{80315604-E2FF-4A20-B825-01EDD90E20F7}"
EndProject
Project("{FAE04EC0-301F-11D3-BF4B-00C04F79EFBC}") = "recipes_1", "linoy.m\recipes_final\recipes_1\recipes_1\recipes_1.csproj", "{BC43159A-CC87-4EC5-91D7-ED50138EF479}"
EndProject
Project("{2150E333-8FDC-42A3-9474-1A3956D46DE8}") = "lior.r", "lior.r", "{DEFFB628-441B-4C05-91AC-4E8B6D258241}"
EndProject
Project("{FAE04EC0-301F-11D3-BF4B-00C04F79EFBC}") = "lior half", "lior.r\lior-half\shalev reitan\lior half.csproj", "{75D4E283-70AE-4D38-AA5D-02548EE74CDC}"
EndProject
Project("{2150E333-8FDC-42A3-9474-1A3956D46DE8}") = "matan.l", "matan.l", "{152BE18E-9250-4CAA-9C93-A42BE898C3E9}"
EndProject
Project("{FAE04EC0-301F-11D3-BF4B-00C04F79EFBC}") = "WebApplication6_1", "matan.l\ProjectHetziFinished\WebApplication6\WebApplication6_1.csproj", "{8A32FC34-2DA8-47A1-8884-CCAE646E3076}"
EndProject
Project("{FAE04EC0-301F-11D3-BF4B-00C04F79EFBC}") = "WebApplication6_2", "matan.l\ProjectHetziFinished\WebApplication6\WebApplication6\WebApplication6_2.csproj", "{9CE6A538-2B1E-4BF3-B934-E58DC538AB50}"
EndProject
Project("{2150E333-8FDC-42A3-9474-1A3956D46DE8}") = "michael.z", "michael.z", "{24B27AF3-62C9-4B1E-88BF-B9C6510F4F4E}"
EndProject
Project("{FAE04EC0-301F-11D3-BF4B-00C04F79EFBC}") = "Half_Project", "michael.z\Half_Project\Half_Project (2)\Half_Project\Half_Project\Half_Project\Half_Project.csproj", "{74DA9C59-3961-4CE1-BE08-88E2D37FBC0F}"
EndProject
Project("{2150E333-8FDC-42A3-9474-1A3956D46DE8}") = "ofir.f", "ofir.f", "{32E113F1-8117-4DFD-BCEA-9E56AA331E10}"
EndProject
Project("{FAE04EC0-301F-11D3-BF4B-00C04F79EFBC}") = "WebApplication2", "ofir.f\projecttba\projecttba\WebApplication2.csproj", "{89D1A686-C9D4-47F9-8CC9-90A5C023AC00}"
EndProject
Project("{2150E333-8FDC-42A3-9474-1A3956D46DE8}") = "omer.z", "omer.z", "{A6F5F2C9-5392-4095-A37E-F90921255724}"
EndProject
Project("{FAE04EC0-301F-11D3-BF4B-00C04F79EFBC}") = "Semi Final project", "omer.z\Semi Final\Semi Final project.csproj", "{5A24CF37-2EF4-45BB-BE51-1A4B44CFEF68}"
EndProject
Project("{2150E333-8FDC-42A3-9474-1A3956D46DE8}") = "peleg.p", "peleg.p", "{AE82D8AC-94B6-4DFB-ABED-64316470AF74}"
EndProject
Project("{FAE04EC0-301F-11D3-BF4B-00C04F79EFBC}") = "project_p", "peleg.p\project_p\project_p\matala13\project_p.csproj", "{66A8AF8E-3EA6-4389-8FBC-883DC51BB3B3}"
EndProject
Project("{2150E333-8FDC-42A3-9474-1A3956D46DE8}") = "rebeka.r", "rebeka.r", "{0E26873C-7243-4AA3-AA22-2010252584C9}"
EndProject
Project("{2150E333-8FDC-42A3-9474-1A3956D46DE8}") = "shalev.c", "shalev.c", "{F143EE9F-B046-4897-A3CF-0D68CB57F124}"
EndProject
Project("{FAE04EC0-301F-11D3-BF4B-00C04F79EFBC}") = "shalevcohen", "shalev.c\half-new\half-new\shalevcohen.csproj", "{91327C2B-BDB5-4C06-B36A-9ABC655BDF3D}"
EndProject
Project("{2150E333-8FDC-42A3-9474-1A3956D46DE8}") = "shalev.h", "shalev.h", "{3DE5529C-822C-4054-8565-07AE3A993EB7}"
EndProject
Project("{FAE04EC0-301F-11D3-BF4B-00C04F79EFBC}") = "WebApplication4", "shalev.h\project_bb\web_body_build (1)\bin (2)\WebApplication4.csproj", "{DD00F852-22F8-4FC0-9B8A-F37E65F3120A}"
EndProject
Project("{2150E333-8FDC-42A3-9474-1A3956D46DE8}") = "sheli.p", "sheli.p", "{4D48D606-963E-4B69-BB33-15AF1B16D65F}"
EndProject
Project("{FAE04EC0-301F-11D3-BF4B-00C04F79EFBC}") = "project", "sheli.p\myproject2\project\project\project\project\project.csproj", "{36A8E70E-70DC-4B0D-8904-08D1FE97F347}"
EndProject
Project("{2150E333-8FDC-42A3-9474-1A3956D46DE8}") = "tomer.m", "tomer.m", "{E05BA798-562B-46AB-9387-B02D7F6EE725}"
EndProject
Project("{FAE04EC0-301F-11D3-BF4B-00C04F79EFBC}") = "WebApplication8", "tomer.m\WebApplication8\WebApplication8\WebApplication8\WebApplication8.csproj", "{328DB732-B380-4BB5-B4E5-8204056BE522}"
EndProject
Project("{2150E333-8FDC-42A3-9474-1A3956D46DE8}") = "yonatan.o", "yonatan.o", "{4FA74FF9-CEC8-4E3D-95D3-1B253F3CD93A}"
EndProject
Project("{FAE04EC0-301F-11D3-BF4B-00C04F79EFBC}") = "halfproject(final)", "yonatan.o\halfproject(final)\halfproject(final)\halfproject(final)\halfproject(final).csproj", "{192801A2-3297-473A-AD3F-50BFF7A237CF}"
EndProject
Project("{FAE04EC0-301F-11D3-BF4B-00C04F79EFBC}") = "theprogram_1", "rebeka.r\theprogram (2)\theprogram\theprogram\theprogram_1.csproj", "{5EF519D5-0AF2-4CB5-A1F3-FB458F8CDEDC}"
EndProject
Project("{2150E333-8FDC-42A3-9474-1A3956D46DE8}") = "ToDo", "ToDo", "{B7021E3E-26CC-4AC3-847B-1BEA03B232EE}"
EndProject
Project("{2150E333-8FDC-42A3-9474-1A3956D46DE8}") = "Done", "Done", "{A8BE9E55-C25C-479F-933C-85FB2A19E590}"
EndProject
Project("{2150E333-8FDC-42A3-9474-1A3956D46DE8}") = "Do", "Do", "{DB1C787C-BAEB-4FC8-819D-79E38807254E}"
EndProject
Global
	GlobalSection(SolutionConfigurationPlatforms) = preSolution
		Debug|Any CPU = Debug|Any CPU
		Release|Any CPU = Release|Any CPU
	EndGlobalSection
	GlobalSection(ProjectConfigurationPlatforms) = postSolution
		{E316C574-09E6-462A-A852-EB7B172FF336}.Debug|Any CPU.ActiveCfg = Debug|Any CPU
		{E316C574-09E6-462A-A852-EB7B172FF336}.Debug|Any CPU.Build.0 = Debug|Any CPU
		{E316C574-09E6-462A-A852-EB7B172FF336}.Release|Any CPU.ActiveCfg = Release|Any CPU
		{E316C574-09E6-462A-A852-EB7B172FF336}.Release|Any CPU.Build.0 = Release|Any CPU
		{32A75F21-C87F-42B1-9DAC-430222C1F060}.Debug|Any CPU.ActiveCfg = Debug|Any CPU
		{32A75F21-C87F-42B1-9DAC-430222C1F060}.Debug|Any CPU.Build.0 = Debug|Any CPU
		{32A75F21-C87F-42B1-9DAC-430222C1F060}.Release|Any CPU.ActiveCfg = Release|Any CPU
		{32A75F21-C87F-42B1-9DAC-430222C1F060}.Release|Any CPU.Build.0 = Release|Any CPU
		{A14C32B3-E0A0-4558-961F-49A605A23D28}.Debug|Any CPU.ActiveCfg = Debug|Any CPU
		{A14C32B3-E0A0-4558-961F-49A605A23D28}.Debug|Any CPU.Build.0 = Debug|Any CPU
		{A14C32B3-E0A0-4558-961F-49A605A23D28}.Release|Any CPU.ActiveCfg = Release|Any CPU
		{A14C32B3-E0A0-4558-961F-49A605A23D28}.Release|Any CPU.Build.0 = Release|Any CPU
		{CB11517E-B4F4-42CC-B82E-DE14344931FC}.Debug|Any CPU.ActiveCfg = Debug|Any CPU
		{CB11517E-B4F4-42CC-B82E-DE14344931FC}.Debug|Any CPU.Build.0 = Debug|Any CPU
		{CB11517E-B4F4-42CC-B82E-DE14344931FC}.Release|Any CPU.ActiveCfg = Release|Any CPU
		{CB11517E-B4F4-42CC-B82E-DE14344931FC}.Release|Any CPU.Build.0 = Release|Any CPU
		{DFC5DA69-64FE-42B1-AE5E-6B942544EB88}.Debug|Any CPU.ActiveCfg = Debug|Any CPU
		{DFC5DA69-64FE-42B1-AE5E-6B942544EB88}.Debug|Any CPU.Build.0 = Debug|Any CPU
		{DFC5DA69-64FE-42B1-AE5E-6B942544EB88}.Release|Any CPU.ActiveCfg = Release|Any CPU
		{DFC5DA69-64FE-42B1-AE5E-6B942544EB88}.Release|Any CPU.Build.0 = Release|Any CPU
		{57DE5563-8021-4A70-B08C-3B24D2EEB2D5}.Debug|Any CPU.ActiveCfg = Debug|Any CPU
		{57DE5563-8021-4A70-B08C-3B24D2EEB2D5}.Debug|Any CPU.Build.0 = Debug|Any CPU
		{57DE5563-8021-4A70-B08C-3B24D2EEB2D5}.Release|Any CPU.ActiveCfg = Release|Any CPU
		{57DE5563-8021-4A70-B08C-3B24D2EEB2D5}.Release|Any CPU.Build.0 = Release|Any CPU
		{C1382E47-1965-45FC-8633-F8BFC8103430}.Debug|Any CPU.ActiveCfg = Debug|Any CPU
		{C1382E47-1965-45FC-8633-F8BFC8103430}.Debug|Any CPU.Build.0 = Debug|Any CPU
		{C1382E47-1965-45FC-8633-F8BFC8103430}.Release|Any CPU.ActiveCfg = Release|Any CPU
		{C1382E47-1965-45FC-8633-F8BFC8103430}.Release|Any CPU.Build.0 = Release|Any CPU
		{BA1330ED-A0EF-4D1B-A0A1-4BBCE58964DE}.Debug|Any CPU.ActiveCfg = Debug|Any CPU
		{BA1330ED-A0EF-4D1B-A0A1-4BBCE58964DE}.Debug|Any CPU.Build.0 = Debug|Any CPU
		{BA1330ED-A0EF-4D1B-A0A1-4BBCE58964DE}.Release|Any CPU.ActiveCfg = Release|Any CPU
		{BA1330ED-A0EF-4D1B-A0A1-4BBCE58964DE}.Release|Any CPU.Build.0 = Release|Any CPU
		{4E9776F4-F346-4581-B98B-4D9A33D1159F}.Debug|Any CPU.ActiveCfg = Debug|Any CPU
		{4E9776F4-F346-4581-B98B-4D9A33D1159F}.Debug|Any CPU.Build.0 = Debug|Any CPU
		{4E9776F4-F346-4581-B98B-4D9A33D1159F}.Release|Any CPU.ActiveCfg = Release|Any CPU
		{4E9776F4-F346-4581-B98B-4D9A33D1159F}.Release|Any CPU.Build.0 = Release|Any CPU
		{3FDED858-8F6D-4D2B-AFCB-BA1AD7C94451}.Debug|Any CPU.ActiveCfg = Debug|Any CPU
		{3FDED858-8F6D-4D2B-AFCB-BA1AD7C94451}.Debug|Any CPU.Build.0 = Debug|Any CPU
		{3FDED858-8F6D-4D2B-AFCB-BA1AD7C94451}.Release|Any CPU.ActiveCfg = Release|Any CPU
		{3FDED858-8F6D-4D2B-AFCB-BA1AD7C94451}.Release|Any CPU.Build.0 = Release|Any CPU
		{BC43159A-CC87-4EC5-91D7-ED50138EF479}.Debug|Any CPU.ActiveCfg = Debug|Any CPU
		{BC43159A-CC87-4EC5-91D7-ED50138EF479}.Debug|Any CPU.Build.0 = Debug|Any CPU
		{BC43159A-CC87-4EC5-91D7-ED50138EF479}.Release|Any CPU.ActiveCfg = Release|Any CPU
		{BC43159A-CC87-4EC5-91D7-ED50138EF479}.Release|Any CPU.Build.0 = Release|Any CPU
		{75D4E283-70AE-4D38-AA5D-02548EE74CDC}.Debug|Any CPU.ActiveCfg = Debug|Any CPU
		{75D4E283-70AE-4D38-AA5D-02548EE74CDC}.Debug|Any CPU.Build.0 = Debug|Any CPU
		{75D4E283-70AE-4D38-AA5D-02548EE74CDC}.Release|Any CPU.ActiveCfg = Release|Any CPU
		{75D4E283-70AE-4D38-AA5D-02548EE74CDC}.Release|Any CPU.Build.0 = Release|Any CPU
		{8A32FC34-2DA8-47A1-8884-CCAE646E3076}.Debug|Any CPU.ActiveCfg = Debug|Any CPU
		{8A32FC34-2DA8-47A1-8884-CCAE646E3076}.Debug|Any CPU.Build.0 = Debug|Any CPU
		{8A32FC34-2DA8-47A1-8884-CCAE646E3076}.Release|Any CPU.ActiveCfg = Release|Any CPU
		{8A32FC34-2DA8-47A1-8884-CCAE646E3076}.Release|Any CPU.Build.0 = Release|Any CPU
		{9CE6A538-2B1E-4BF3-B934-E58DC538AB50}.Debug|Any CPU.ActiveCfg = Debug|Any CPU
		{9CE6A538-2B1E-4BF3-B934-E58DC538AB50}.Debug|Any CPU.Build.0 = Debug|Any CPU
		{9CE6A538-2B1E-4BF3-B934-E58DC538AB50}.Release|Any CPU.ActiveCfg = Release|Any CPU
		{9CE6A538-2B1E-4BF3-B934-E58DC538AB50}.Release|Any CPU.Build.0 = Release|Any CPU
		{74DA9C59-3961-4CE1-BE08-88E2D37FBC0F}.Debug|Any CPU.ActiveCfg = Debug|Any CPU
		{74DA9C59-3961-4CE1-BE08-88E2D37FBC0F}.Debug|Any CPU.Build.0 = Debug|Any CPU
		{74DA9C59-3961-4CE1-BE08-88E2D37FBC0F}.Release|Any CPU.ActiveCfg = Release|Any CPU
		{74DA9C59-3961-4CE1-BE08-88E2D37FBC0F}.Release|Any CPU.Build.0 = Release|Any CPU
		{89D1A686-C9D4-47F9-8CC9-90A5C023AC00}.Debug|Any CPU.ActiveCfg = Debug|Any CPU
		{89D1A686-C9D4-47F9-8CC9-90A5C023AC00}.Debug|Any CPU.Build.0 = Debug|Any CPU
		{89D1A686-C9D4-47F9-8CC9-90A5C023AC00}.Release|Any CPU.ActiveCfg = Release|Any CPU
		{89D1A686-C9D4-47F9-8CC9-90A5C023AC00}.Release|Any CPU.Build.0 = Release|Any CPU
		{5A24CF37-2EF4-45BB-BE51-1A4B44CFEF68}.Debug|Any CPU.ActiveCfg = Debug|Any CPU
		{5A24CF37-2EF4-45BB-BE51-1A4B44CFEF68}.Debug|Any CPU.Build.0 = Debug|Any CPU
		{5A24CF37-2EF4-45BB-BE51-1A4B44CFEF68}.Release|Any CPU.ActiveCfg = Release|Any CPU
		{5A24CF37-2EF4-45BB-BE51-1A4B44CFEF68}.Release|Any CPU.Build.0 = Release|Any CPU
		{66A8AF8E-3EA6-4389-8FBC-883DC51BB3B3}.Debug|Any CPU.ActiveCfg = Debug|Any CPU
		{66A8AF8E-3EA6-4389-8FBC-883DC51BB3B3}.Debug|Any CPU.Build.0 = Debug|Any CPU
		{66A8AF8E-3EA6-4389-8FBC-883DC51BB3B3}.Release|Any CPU.ActiveCfg = Release|Any CPU
		{66A8AF8E-3EA6-4389-8FBC-883DC51BB3B3}.Release|Any CPU.Build.0 = Release|Any CPU
		{91327C2B-BDB5-4C06-B36A-9ABC655BDF3D}.Debug|Any CPU.ActiveCfg = Debug|Any CPU
		{91327C2B-BDB5-4C06-B36A-9ABC655BDF3D}.Debug|Any CPU.Build.0 = Debug|Any CPU
		{91327C2B-BDB5-4C06-B36A-9ABC655BDF3D}.Release|Any CPU.ActiveCfg = Release|Any CPU
		{91327C2B-BDB5-4C06-B36A-9ABC655BDF3D}.Release|Any CPU.Build.0 = Release|Any CPU
		{DD00F852-22F8-4FC0-9B8A-F37E65F3120A}.Debug|Any CPU.ActiveCfg = Debug|Any CPU
		{DD00F852-22F8-4FC0-9B8A-F37E65F3120A}.Debug|Any CPU.Build.0 = Debug|Any CPU
		{DD00F852-22F8-4FC0-9B8A-F37E65F3120A}.Release|Any CPU.ActiveCfg = Release|Any CPU
		{DD00F852-22F8-4FC0-9B8A-F37E65F3120A}.Release|Any CPU.Build.0 = Release|Any CPU
		{36A8E70E-70DC-4B0D-8904-08D1FE97F347}.Debug|Any CPU.ActiveCfg = Debug|Any CPU
		{36A8E70E-70DC-4B0D-8904-08D1FE97F347}.Debug|Any CPU.Build.0 = Debug|Any CPU
		{36A8E70E-70DC-4B0D-8904-08D1FE97F347}.Release|Any CPU.ActiveCfg = Release|Any CPU
		{36A8E70E-70DC-4B0D-8904-08D1FE97F347}.Release|Any CPU.Build.0 = Release|Any CPU
		{328DB732-B380-4BB5-B4E5-8204056BE522}.Debug|Any CPU.ActiveCfg = Debug|Any CPU
		{328DB732-B380-4BB5-B4E5-8204056BE522}.Debug|Any CPU.Build.0 = Debug|Any CPU
		{328DB732-B380-4BB5-B4E5-8204056BE522}.Release|Any CPU.ActiveCfg = Release|Any CPU
		{328DB732-B380-4BB5-B4E5-8204056BE522}.Release|Any CPU.Build.0 = Release|Any CPU
		{192801A2-3297-473A-AD3F-50BFF7A237CF}.Debug|Any CPU.ActiveCfg = Debug|Any CPU
		{192801A2-3297-473A-AD3F-50BFF7A237CF}.Debug|Any CPU.Build.0 = Debug|Any CPU
		{192801A2-3297-473A-AD3F-50BFF7A237CF}.Release|Any CPU.ActiveCfg = Release|Any CPU
		{192801A2-3297-473A-AD3F-50BFF7A237CF}.Release|Any CPU.Build.0 = Release|Any CPU
		{5EF519D5-0AF2-4CB5-A1F3-FB458F8CDEDC}.Debug|Any CPU.ActiveCfg = Debug|Any CPU
		{5EF519D5-0AF2-4CB5-A1F3-FB458F8CDEDC}.Debug|Any CPU.Build.0 = Debug|Any CPU
		{5EF519D5-0AF2-4CB5-A1F3-FB458F8CDEDC}.Release|Any CPU.ActiveCfg = Release|Any CPU
		{5EF519D5-0AF2-4CB5-A1F3-FB458F8CDEDC}.Release|Any CPU.Build.0 = Release|Any CPU
	EndGlobalSection
	GlobalSection(SolutionProperties) = preSolution
		HideSolutionNode = FALSE
	EndGlobalSection
	GlobalSection(NestedProjects) = preSolution
		{E316C574-09E6-462A-A852-EB7B172FF336} = {1096060A-4C06-4A9A-88C5-4B22A902F4A5}
		{1096060A-4C06-4A9A-88C5-4B22A902F4A5} = {A8BE9E55-C25C-479F-933C-85FB2A19E590}
		{D9896A8A-B24D-4F78-AEE0-D3E96BC52279} = {A8BE9E55-C25C-479F-933C-85FB2A19E590}
		{32A75F21-C87F-42B1-9DAC-430222C1F060} = {D9896A8A-B24D-4F78-AEE0-D3E96BC52279}
		{264FB73F-17ED-412D-BF50-8AD52AADF1D9} = {A8BE9E55-C25C-479F-933C-85FB2A19E590}
		{A14C32B3-E0A0-4558-961F-49A605A23D28} = {264FB73F-17ED-412D-BF50-8AD52AADF1D9}
		{2E846333-325E-484A-A331-A135C9F1B007} = {A8BE9E55-C25C-479F-933C-85FB2A19E590}
		{CB11517E-B4F4-42CC-B82E-DE14344931FC} = {2E846333-325E-484A-A331-A135C9F1B007}
		{466760AD-EA71-46B6-AB04-9CFDA5FA8708} = {A8BE9E55-C25C-479F-933C-85FB2A19E590}
		{DFC5DA69-64FE-42B1-AE5E-6B942544EB88} = {466760AD-EA71-46B6-AB04-9CFDA5FA8708}
		{1F380B73-4493-485C-92CA-470C6BACF264} = {DB1C787C-BAEB-4FC8-819D-79E38807254E}
		{57DE5563-8021-4A70-B08C-3B24D2EEB2D5} = {1F380B73-4493-485C-92CA-470C6BACF264}
		{210EAB70-CD6E-446E-8720-25D1ECEF43F8} = {B7021E3E-26CC-4AC3-847B-1BEA03B232EE}
		{C1382E47-1965-45FC-8633-F8BFC8103430} = {210EAB70-CD6E-446E-8720-25D1ECEF43F8}
		{BA1330ED-A0EF-4D1B-A0A1-4BBCE58964DE} = {210EAB70-CD6E-446E-8720-25D1ECEF43F8}
		{55DF9BAA-9A28-4805-BB8A-5647F047645A} = {B7021E3E-26CC-4AC3-847B-1BEA03B232EE}
		{4E9776F4-F346-4581-B98B-4D9A33D1159F} = {55DF9BAA-9A28-4805-BB8A-5647F047645A}
		{A6ECAD56-0C55-487A-BC49-44208EC15931} = {B7021E3E-26CC-4AC3-847B-1BEA03B232EE}
		{3FDED858-8F6D-4D2B-AFCB-BA1AD7C94451} = {A6ECAD56-0C55-487A-BC49-44208EC15931}
		{80315604-E2FF-4A20-B825-01EDD90E20F7} = {B7021E3E-26CC-4AC3-847B-1BEA03B232EE}
		{BC43159A-CC87-4EC5-91D7-ED50138EF479} = {80315604-E2FF-4A20-B825-01EDD90E20F7}
		{DEFFB628-441B-4C05-91AC-4E8B6D258241} = {B7021E3E-26CC-4AC3-847B-1BEA03B232EE}
		{75D4E283-70AE-4D38-AA5D-02548EE74CDC} = {DEFFB628-441B-4C05-91AC-4E8B6D258241}
		{152BE18E-9250-4CAA-9C93-A42BE898C3E9} = {B7021E3E-26CC-4AC3-847B-1BEA03B232EE}
		{8A32FC34-2DA8-47A1-8884-CCAE646E3076} = {152BE18E-9250-4CAA-9C93-A42BE898C3E9}
		{9CE6A538-2B1E-4BF3-B934-E58DC538AB50} = {152BE18E-9250-4CAA-9C93-A42BE898C3E9}
		{24B27AF3-62C9-4B1E-88BF-B9C6510F4F4E} = {B7021E3E-26CC-4AC3-847B-1BEA03B232EE}
		{74DA9C59-3961-4CE1-BE08-88E2D37FBC0F} = {24B27AF3-62C9-4B1E-88BF-B9C6510F4F4E}
		{32E113F1-8117-4DFD-BCEA-9E56AA331E10} = {B7021E3E-26CC-4AC3-847B-1BEA03B232EE}
		{89D1A686-C9D4-47F9-8CC9-90A5C023AC00} = {32E113F1-8117-4DFD-BCEA-9E56AA331E10}
		{A6F5F2C9-5392-4095-A37E-F90921255724} = {B7021E3E-26CC-4AC3-847B-1BEA03B232EE}
		{5A24CF37-2EF4-45BB-BE51-1A4B44CFEF68} = {A6F5F2C9-5392-4095-A37E-F90921255724}
		{AE82D8AC-94B6-4DFB-ABED-64316470AF74} = {B7021E3E-26CC-4AC3-847B-1BEA03B232EE}
		{66A8AF8E-3EA6-4389-8FBC-883DC51BB3B3} = {AE82D8AC-94B6-4DFB-ABED-64316470AF74}
		{0E26873C-7243-4AA3-AA22-2010252584C9} = {B7021E3E-26CC-4AC3-847B-1BEA03B232EE}
		{F143EE9F-B046-4897-A3CF-0D68CB57F124} = {B7021E3E-26CC-4AC3-847B-1BEA03B232EE}
		{91327C2B-BDB5-4C06-B36A-9ABC655BDF3D} = {F143EE9F-B046-4897-A3CF-0D68CB57F124}
		{3DE5529C-822C-4054-8565-07AE3A993EB7} = {B7021E3E-26CC-4AC3-847B-1BEA03B232EE}
		{DD00F852-22F8-4FC0-9B8A-F37E65F3120A} = {3DE5529C-822C-4054-8565-07AE3A993EB7}
		{4D48D606-963E-4B69-BB33-15AF1B16D65F} = {B7021E3E-26CC-4AC3-847B-1BEA03B232EE}
		{36A8E70E-70DC-4B0D-8904-08D1FE97F347} = {4D48D606-963E-4B69-BB33-15AF1B16D65F}
		{E05BA798-562B-46AB-9387-B02D7F6EE725} = {B7021E3E-26CC-4AC3-847B-1BEA03B232EE}
		{328DB732-B380-4BB5-B4E5-8204056BE522} = {E05BA798-562B-46AB-9387-B02D7F6EE725}
		{4FA74FF9-CEC8-4E3D-95D3-1B253F3CD93A} = {B7021E3E-26CC-4AC3-847B-1BEA03B232EE}
		{192801A2-3297-473A-AD3F-50BFF7A237CF} = {4FA74FF9-CEC8-4E3D-95D3-1B253F3CD93A}
		{5EF519D5-0AF2-4CB5-A1F3-FB458F8CDEDC} = {0E26873C-7243-4AA3-AA22-2010252584C9}
	EndGlobalSection
	GlobalSection(ExtensibilityGlobals) = postSolution
		SolutionGuid = {B4E45910-8436-402C-8295-4D831980C886}
	EndGlobalSection
EndGlobal
