
Microsoft Visual Studio Solution File, Format Version 12.00
# Visual Studio Version 16
VisualStudioVersion = 16.0.33130.400
MinimumVisualStudioVersion = 10.0.40219.1
Project("{FAE04EC0-301F-11D3-BF4B-00C04F79EFBC}") = "project_p", "matala13\project_p.csproj", "{66A8AF8E-3EA6-4389-8FBC-883DC51BB3B3}"
EndProject
Global
	GlobalSection(SolutionConfigurationPlatforms) = preSolution
		Debug|Any CPU = Debug|Any CPU
		Release|Any CPU = Release|Any CPU
	EndGlobalSection
	GlobalSection(ProjectConfigurationPlatforms) = postSolution
		{66A8AF8E-3EA6-4389-8FBC-883DC51BB3B3}.Debug|Any CPU.ActiveCfg = Debug|Any CPU
		{66A8AF8E-3EA6-4389-8FBC-883DC51BB3B3}.Debug|Any CPU.Build.0 = Debug|Any CPU
		{66A8AF8E-3EA6-4389-8FBC-883DC51BB3B3}.Release|Any CPU.ActiveCfg = Release|Any CPU
		{66A8AF8E-3EA6-4389-8FBC-883DC51BB3B3}.Release|Any CPU.Build.0 = Release|Any CPU
	EndGlobalSection
	GlobalSection(SolutionProperties) = preSolution
		HideSolutionNode = FALSE
	EndGlobalSection
	GlobalSection(ExtensibilityGlobals) = postSolution
		SolutionGuid = {9759CCDF-558A-4ECD-B9AE-FD73656AC2E5}
	EndGlobalSection
EndGlobal
