
Microsoft Visual Studio Solution File, Format Version 12.00
# Visual Studio Version 16
VisualStudioVersion = 16.0.32802.440
MinimumVisualStudioVersion = 10.0.40219.1
Project("{FAE04EC0-301F-11D3-BF4B-00C04F79EFBC}") = "Semi_Project", "Semi_Project\Semi_Project.csproj", "{E316C574-09E6-462A-A852-EB7B172FF336}"
EndProject
Global
	GlobalSection(SolutionConfigurationPlatforms) = preSolution
		Debug|Any CPU = Debug|Any CPU
		Release|Any CPU = Release|Any CPU
	EndGlobalSection
	GlobalSection(ProjectConfigurationPlatforms) = postSolution
		{E316C574-09E6-462A-A852-EB7B172FF336}.Debug|Any CPU.ActiveCfg = Debug|Any CPU
		{E316C574-09E6-462A-A852-EB7B172FF336}.Debug|Any CPU.Build.0 = Debug|Any CPU
		{E316C574-09E6-462A-A852-EB7B172FF336}.Release|Any CPU.ActiveCfg = Release|Any CPU
		{E316C574-09E6-462A-A852-EB7B172FF336}.Release|Any CPU.Build.0 = Release|Any CPU
	EndGlobalSection
	GlobalSection(SolutionProperties) = preSolution
		HideSolutionNode = FALSE
	EndGlobalSection
	GlobalSection(ExtensibilityGlobals) = postSolution
		SolutionGuid = {B4E45910-8436-402C-8295-4D831980C886}
	EndGlobalSection
EndGlobal
