
Microsoft Visual Studio Solution File, Format Version 12.00
# Visual Studio Version 16
VisualStudioVersion = 16.0.32901.82
MinimumVisualStudioVersion = 10.0.40219.1
Project("{FAE04EC0-301F-11D3-BF4B-00C04F79EFBC}") = "Half_Project", "Half_Project\Half_Project.csproj", "{74DA9C59-3961-4CE1-BE08-88E2D37FBC0F}"
EndProject
Global
	GlobalSection(SolutionConfigurationPlatforms) = preSolution
		Debug|Any CPU = Debug|Any CPU
		Release|Any CPU = Release|Any CPU
	EndGlobalSection
	GlobalSection(ProjectConfigurationPlatforms) = postSolution
		{74DA9C59-3961-4CE1-BE08-88E2D37FBC0F}.Debug|Any CPU.ActiveCfg = Debug|Any CPU
		{74DA9C59-3961-4CE1-BE08-88E2D37FBC0F}.Debug|Any CPU.Build.0 = Debug|Any CPU
		{74DA9C59-3961-4CE1-BE08-88E2D37FBC0F}.Release|Any CPU.ActiveCfg = Release|Any CPU
		{74DA9C59-3961-4CE1-BE08-88E2D37FBC0F}.Release|Any CPU.Build.0 = Release|Any CPU
	EndGlobalSection
	GlobalSection(SolutionProperties) = preSolution
		HideSolutionNode = FALSE
	EndGlobalSection
	GlobalSection(ExtensibilityGlobals) = postSolution
		SolutionGuid = {E3F35229-C34D-445F-A2D0-AEB6B71432F6}
	EndGlobalSection
EndGlobal
