
Microsoft Visual Studio Solution File, Format Version 12.00
# Visual Studio Version 16
VisualStudioVersion = 16.0.32901.82
MinimumVisualStudioVersion = 10.0.40219.1
Project("{FAE04EC0-301F-11D3-BF4B-00C04F79EFBC}") = "WebApplication8", "WebApplication8\WebApplication8.csproj", "{328DB732-B380-4BB5-B4E5-8204056BE522}"
EndProject
Global
	GlobalSection(SolutionConfigurationPlatforms) = preSolution
		Debug|Any CPU = Debug|Any CPU
		Release|Any CPU = Release|Any CPU
	EndGlobalSection
	GlobalSection(ProjectConfigurationPlatforms) = postSolution
		{328DB732-B380-4BB5-B4E5-8204056BE522}.Debug|Any CPU.ActiveCfg = Debug|Any CPU
		{328DB732-B380-4BB5-B4E5-8204056BE522}.Debug|Any CPU.Build.0 = Debug|Any CPU
		{328DB732-B380-4BB5-B4E5-8204056BE522}.Release|Any CPU.ActiveCfg = Release|Any CPU
		{328DB732-B380-4BB5-B4E5-8204056BE522}.Release|Any CPU.Build.0 = Release|Any CPU
	EndGlobalSection
	GlobalSection(SolutionProperties) = preSolution
		HideSolutionNode = FALSE
	EndGlobalSection
	GlobalSection(ExtensibilityGlobals) = postSolution
		SolutionGuid = {515B525A-DE93-4747-A88F-0C361B092910}
	EndGlobalSection
EndGlobal
