
Microsoft Visual Studio Solution File, Format Version 12.00
# Visual Studio Version 16
VisualStudioVersion = 16.0.32602.291
MinimumVisualStudioVersion = 10.0.40219.1
Project("{FAE04EC0-301F-11D3-BF4B-00C04F79EFBC}") = "WebApplication6", "WebApplication6\WebApplication6.csproj", "{9CE6A538-2B1E-4BF3-B934-E58DC538AB50}"
EndProject
Global
	GlobalSection(SolutionConfigurationPlatforms) = preSolution
		Debug|Any CPU = Debug|Any CPU
		Release|Any CPU = Release|Any CPU
	EndGlobalSection
	GlobalSection(ProjectConfigurationPlatforms) = postSolution
		{9CE6A538-2B1E-4BF3-B934-E58DC538AB50}.Debug|Any CPU.ActiveCfg = Debug|Any CPU
		{9CE6A538-2B1E-4BF3-B934-E58DC538AB50}.Debug|Any CPU.Build.0 = Debug|Any CPU
		{9CE6A538-2B1E-4BF3-B934-E58DC538AB50}.Release|Any CPU.ActiveCfg = Release|Any CPU
		{9CE6A538-2B1E-4BF3-B934-E58DC538AB50}.Release|Any CPU.Build.0 = Release|Any CPU
	EndGlobalSection
	GlobalSection(SolutionProperties) = preSolution
		HideSolutionNode = FALSE
	EndGlobalSection
	GlobalSection(ExtensibilityGlobals) = postSolution
		SolutionGuid = {7DF21267-B75D-4699-824C-34C708B4A86F}
	EndGlobalSection
EndGlobal
