
Microsoft Visual Studio Solution File, Format Version 12.00
# Visual Studio Version 16
VisualStudioVersion = 16.0.32929.386
MinimumVisualStudioVersion = 10.0.40219.1
Project("{FAE04EC0-301F-11D3-BF4B-00C04F79EFBC}") = "adarbasketballwebsite", "adar.g\adarbasketballwebsite (1)\adarbasketballwebsite\adarbasketballwebsite.csproj", "{13133B73-A2E1-4FBF-A151-2DB585A86595}"
EndProject
Project("{2150E333-8FDC-42A3-9474-1A3956D46DE8}") = "adar.g", "adar.g", "{946C640B-F627-4BAC-A004-4D2894B90217}"
EndProject
Project("{2150E333-8FDC-42A3-9474-1A3956D46DE8}") = "alon.k", "alon.k", "{35BFA8AC-EF57-45F1-B6B0-3CD0D5EB3B0E}"
EndProject
Project("{FAE04EC0-301F-11D3-BF4B-00C04F79EFBC}") = "������� �����", "alon.k\פרוייקט מחצית\������� �����\������� �����\������� �����.csproj", "{3F25835A-AB50-4799-8A30-F112FEA11F73}"
EndProject
Project("{2150E333-8FDC-42A3-9474-1A3956D46DE8}") = "avishai.s", "avishai.s", "{544B9C27-566A-4584-B344-2EE4CF7763F7}"
EndProject
Project("{FAE04EC0-301F-11D3-BF4B-00C04F79EFBC}") = "ido and avishai web", "avishai.s\ido and avishai web\ido and avishai web\ido and avishai web\ido and avishai web.csproj", "{A93BCF6C-2A35-45CE-927E-ADD2762EB2E9}"
EndProject
Project("{2150E333-8FDC-42A3-9474-1A3956D46DE8}") = "ayala.t", "ayala.t", "{4F3905AB-01F8-45C1-8842-A15A892C3E9E}"
EndProject
Project("{FAE04EC0-301F-11D3-BF4B-00C04F79EFBC}") = "half.project.hh1", "ayala.t\bin\half.project.hh1.csproj", "{F7AF5A9F-BA2A-408B-8A95-460DB11C7218}"
EndProject
Project("{2150E333-8FDC-42A3-9474-1A3956D46DE8}") = "eitan.v_mori.d", "eitan.v_mori.d", "{A7EAE5C8-F5B9-4199-8A1F-DA9BB8C820BC}"
EndProject
Project("{FAE04EC0-301F-11D3-BF4B-00C04F79EFBC}") = "project hezi", "eitan.v\project hezi\project hezi\project hezi.csproj", "{FB988175-BF6E-4379-9CA0-E10E5B87BA98}"
EndProject
Project("{2150E333-8FDC-42A3-9474-1A3956D46DE8}") = "ela.g", "ela.g", "{D56A78BE-07CD-47D8-B2AA-8B09188D26D0}"
EndProject
Project("{FAE04EC0-301F-11D3-BF4B-00C04F79EFBC}") = "SciFi", "ela.g\SciFi\SciFi\SciFi\SciFi.csproj", "{C030BF4E-3785-43A0-83FB-44EE41636225}"
EndProject
Project("{2150E333-8FDC-42A3-9474-1A3956D46DE8}") = "gali.s", "gali.s", "{F43935C1-78E1-4DBD-A83E-5D078F23F6CF}"
EndProject
Project("{FAE04EC0-301F-11D3-BF4B-00C04F79EFBC}") = "halfProjectGaliTomer", "gali.s\halfProjectGaliTomer\halfProjectGaliTomer\halfProjectGaliTomer\halfProjectGaliTomer.csproj", "{896CA693-D85E-4B04-A199-8DD70A720DAB}"
EndProject
Project("{2150E333-8FDC-42A3-9474-1A3956D46DE8}") = "ido.h", "ido.h", "{95CBB3DB-5BF9-4E75-8417-F07A7E93314C}"
EndProject
Project("{FAE04EC0-301F-11D3-BF4B-00C04F79EFBC}") = "ido and avishai web", "ido.h\ido and avishai web\ido and avishai web\ido and avishai web\ido and avishai web.csproj", "{509711DF-D469-4B0B-B11B-AD720FC3328F}"
EndProject
Project("{2150E333-8FDC-42A3-9474-1A3956D46DE8}") = "itai.s", "itai.s", "{BF3DB2D7-83B1-4229-9812-CC9712353B25}"
EndProject
Project("{FAE04EC0-301F-11D3-BF4B-00C04F79EFBC}") = "Half_project_mondial", "itai.s\Half_project_mondial (2)\Half_project_mondial\Half_project_mondial.csproj", "{41AA562C-24F2-4B9A-95B7-0741BBCE5A98}"
EndProject
Project("{2150E333-8FDC-42A3-9474-1A3956D46DE8}") = "itai.t_sinai.y", "itai.t_sinai.y", "{7B6E110E-0ABC-4343-994D-61C50469E5FF}"
EndProject
Project("{FAE04EC0-301F-11D3-BF4B-00C04F79EFBC}") = "avodat hetzi", "itai.t\avodat hetzi\avodat hetzi\avodat hetzi.csproj", "{36F87922-CBD7-44D1-9758-CC0AA1B52E4C}"
EndProject
Project("{2150E333-8FDC-42A3-9474-1A3956D46DE8}") = "koren.m", "koren.m", "{F5F834E6-B545-49B8-8B5E-83CEBA6E1529}"
EndProject
Project("{FAE04EC0-301F-11D3-BF4B-00C04F79EFBC}") = "projecthazii2", "koren.m\ProjectHtazi\projecthazii2\projecthazii2\projecthazii2.csproj", "{D96D9447-0B8E-4DED-AF8B-E18278590F4E}"
EndProject
Project("{2150E333-8FDC-42A3-9474-1A3956D46DE8}") = "lia.o", "lia.o", "{1CD9299B-C0C3-4336-B1A3-78A56E3CFDA6}"
EndProject
Project("{FAE04EC0-301F-11D3-BF4B-00C04F79EFBC}") = "projecthechi", "lia.o\project2 (3)\project2\projecthechi.csproj", "{3C00B4AE-3BF4-4A65-8391-22B64D8C4FA5}"
EndProject
Project("{2150E333-8FDC-42A3-9474-1A3956D46DE8}") = "matan.h", "matan.h", "{DB9C7DC1-45F2-4164-89A0-10D604D4E3F9}"
EndProject
Project("{FAE04EC0-301F-11D3-BF4B-00C04F79EFBC}") = "WebApplication1", "matan.h\WebApplication1\WebApplication1.csproj", "{77C9A695-E355-430C-848B-32089F67CD65}"
EndProject
Project("{2150E333-8FDC-42A3-9474-1A3956D46DE8}") = "noa.n", "noa.n", "{3E705964-AE59-427D-8149-3A3D8107821C}"
EndProject
Project("{FAE04EC0-301F-11D3-BF4B-00C04F79EFBC}") = "projecthechi", "noa.n\project2 (2)\project2\projecthechi.csproj", "{6C845335-87B6-4784-A41D-FE53214AFBD1}"
EndProject
Project("{2150E333-8FDC-42A3-9474-1A3956D46DE8}") = "roee.b", "roee.b", "{5418CBA8-1174-4BBB-BB64-7F4363C16F23}"
EndProject
Project("{FAE04EC0-301F-11D3-BF4B-00C04F79EFBC}") = "FinalProject", "roee.b\Files\WDclass-final-project-1\FinalProject\FinalProject.csproj", "{A2515B10-BA7E-4DC9-A9DE-336E7B8A46AA}"
EndProject
Project("{2150E333-8FDC-42A3-9474-1A3956D46DE8}") = "roni.a", "roni.a", "{86AC4D9C-6887-4BF0-8D01-EA017E56FCD9}"
EndProject
Project("{FAE04EC0-301F-11D3-BF4B-00C04F79EFBC}") = "Half_project_mondial", "roni.a\Half_project_mondial (2)\Half_project_mondial\Half_project_mondial.csproj", "{768F239C-F8FB-498C-9C44-9E4543E7657B}"
EndProject
Project("{2150E333-8FDC-42A3-9474-1A3956D46DE8}") = "shahaf.b", "shahaf.b", "{3D6E3940-E1BB-4989-9544-EF91A94DE213}"
EndProject
Project("{FAE04EC0-301F-11D3-BF4B-00C04F79EFBC}") = "WebApplication2", "shahaf.b\WebApplication2\WebApplication2.csproj", "{5DDF81EC-B792-4B18-A210-8B80F6D2DC30}"
EndProject
Project("{2150E333-8FDC-42A3-9474-1A3956D46DE8}") = "shahar.l", "shahar.l", "{86C03A58-E219-403D-BD99-D4872C46365A}"
EndProject
Project("{FAE04EC0-301F-11D3-BF4B-00C04F79EFBC}") = "yonatanandshaharweb", "shahar.l\halfproject\yonatanandshaharweb.csproj", "{E597D448-867B-4790-B515-1A232083E9E6}"
EndProject
Project("{2150E333-8FDC-42A3-9474-1A3956D46DE8}") = "tomer.a", "tomer.a", "{2A6616F1-5B96-4D62-BA71-02BCF764B94E}"
EndProject
Project("{FAE04EC0-301F-11D3-BF4B-00C04F79EFBC}") = "air force", "tomer.a\air force (1)\air force\air force.csproj", "{2EED0249-E170-4186-8ED1-122F1FF4D232}"
EndProject
Project("{2150E333-8FDC-42A3-9474-1A3956D46DE8}") = "tomer.e", "tomer.e", "{409F2BFB-28C1-4829-BA8C-82C74B09C6EE}"
EndProject
Project("{FAE04EC0-301F-11D3-BF4B-00C04F79EFBC}") = "halfProjectGaliTomer", "tomer.e\halfProjectGaliTomer (2)\halfProjectGaliTomer (3)\halfProjectGaliTomer\halfProjectGaliTomer\halfProjectGaliTomer.csproj", "{58A4D907-0260-4060-91ED-BD8A6D0E72E4}"
EndProject
Project("{2150E333-8FDC-42A3-9474-1A3956D46DE8}") = "tomer.r", "tomer.r", "{695F1F5E-EE91-42BB-9ECA-1452896ABD6F}"
EndProject
Project("{FAE04EC0-301F-11D3-BF4B-00C04F79EFBC}") = "LEGO", "tomer.r\LEGO zipped full\LEGO\LEGO.csproj", "{45816F34-BD51-4B0A-B535-F5636D60AD25}"
EndProject
Project("{2150E333-8FDC-42A3-9474-1A3956D46DE8}") = "yonatan.k", "yonatan.k", "{9A8615CB-4F71-4F07-9AC2-3D0210A1FEA2}"
EndProject
Project("{FAE04EC0-301F-11D3-BF4B-00C04F79EFBC}") = "yonatanandshaharweb", "yonatan.k\halfproject\yonatanandshaharweb.csproj", "{51B33E00-1CF1-4499-ACF4-965B73357172}"
EndProject
Project("{2150E333-8FDC-42A3-9474-1A3956D46DE8}") = "matan.h_shahaf.b", "matan.h_shahaf.b", "{CA7938E3-D2A6-4D82-B80F-6C5450E3CA32}"
EndProject
Project("{2150E333-8FDC-42A3-9474-1A3956D46DE8}") = "roni.a_[itai.s]", "roni.a_[itai.s]", "{77AF2AC1-9398-4F50-9E34-D0BE428E2B9F}"
EndProject
Project("{2150E333-8FDC-42A3-9474-1A3956D46DE8}") = "gali.s_tomer.e", "gali.s_tomer.e", "{C0DFCD51-7BD1-4FFB-B2D3-34DFAFC95512}"
EndProject
Project("{2150E333-8FDC-42A3-9474-1A3956D46DE8}") = "avishai.s_ido.h", "avishai.s_ido.h", "{E3A0ADF8-330B-4990-99A3-E6BE2C6A0150}"
EndProject
Project("{2150E333-8FDC-42A3-9474-1A3956D46DE8}") = "shahar.l_yonatan.k", "shahar.l_yonatan.k", "{8E2A2FFA-0E0E-406A-ADB0-A6F85856F33E}"
EndProject
Project("{2150E333-8FDC-42A3-9474-1A3956D46DE8}") = "lia.o_[noa.n]", "lia.o_[noa.n]", "{3E624B98-A87B-4B67-89D9-D28868D1898A}"
EndProject
Project("{FAE04EC0-301F-11D3-BF4B-00C04F79EFBC}") = "WebApplication3", "roni.a\WebApplication3\WebApplication3.csproj", "{6E8CD2F9-9546-41C2-89D2-0D64809AE127}"
EndProject
Project("{FAE04EC0-301F-11D3-BF4B-00C04F79EFBC}") = "WebApplication4", "avishai.s\WebApplication4\WebApplication4.csproj", "{59CB9BD2-EE25-40AC-9790-7C3806647FD9}"
EndProject
Project("{2150E333-8FDC-42A3-9474-1A3956D46DE8}") = "rom.v", "rom.v", "{0217B90E-B8B4-4F05-B496-F3BF11FB85C6}"
EndProject
Project("{FAE04EC0-301F-11D3-BF4B-00C04F79EFBC}") = "Spiderman", "rom.v\Spiderman\Spiderman\Spiderman\Spiderman.csproj", "{CF96E0F5-057D-4518-BAEE-1633388471B5}"
EndProject
Project("{FAE04EC0-301F-11D3-BF4B-00C04F79EFBC}") = "Website- semester project", "rom.v\Spiderman\Spiderman\Spiderman\Website- semester project.csproj", "{9AF4AC9F-1D30-4D74-A9E4-E2705E9B84FF}"
EndProject
Project("{FAE04EC0-301F-11D3-BF4B-00C04F79EFBC}") = "WebApplication5", "lia.o\WebApplication5\WebApplication5.csproj", "{70CB78E6-8E1D-4075-B807-C43DDD9931D7}"
EndProject
Global
	GlobalSection(SolutionConfigurationPlatforms) = preSolution
		Debug|Any CPU = Debug|Any CPU
		Release|Any CPU = Release|Any CPU
	EndGlobalSection
	GlobalSection(ProjectConfigurationPlatforms) = postSolution
		{13133B73-A2E1-4FBF-A151-2DB585A86595}.Debug|Any CPU.ActiveCfg = Debug|Any CPU
		{13133B73-A2E1-4FBF-A151-2DB585A86595}.Debug|Any CPU.Build.0 = Debug|Any CPU
		{13133B73-A2E1-4FBF-A151-2DB585A86595}.Release|Any CPU.ActiveCfg = Release|Any CPU
		{13133B73-A2E1-4FBF-A151-2DB585A86595}.Release|Any CPU.Build.0 = Release|Any CPU
		{3F25835A-AB50-4799-8A30-F112FEA11F73}.Debug|Any CPU.ActiveCfg = Debug|Any CPU
		{3F25835A-AB50-4799-8A30-F112FEA11F73}.Debug|Any CPU.Build.0 = Debug|Any CPU
		{3F25835A-AB50-4799-8A30-F112FEA11F73}.Release|Any CPU.ActiveCfg = Release|Any CPU
		{3F25835A-AB50-4799-8A30-F112FEA11F73}.Release|Any CPU.Build.0 = Release|Any CPU
		{A93BCF6C-2A35-45CE-927E-ADD2762EB2E9}.Debug|Any CPU.ActiveCfg = Debug|Any CPU
		{A93BCF6C-2A35-45CE-927E-ADD2762EB2E9}.Debug|Any CPU.Build.0 = Debug|Any CPU
		{A93BCF6C-2A35-45CE-927E-ADD2762EB2E9}.Release|Any CPU.ActiveCfg = Release|Any CPU
		{A93BCF6C-2A35-45CE-927E-ADD2762EB2E9}.Release|Any CPU.Build.0 = Release|Any CPU
		{F7AF5A9F-BA2A-408B-8A95-460DB11C7218}.Debug|Any CPU.ActiveCfg = Debug|Any CPU
		{F7AF5A9F-BA2A-408B-8A95-460DB11C7218}.Debug|Any CPU.Build.0 = Debug|Any CPU
		{F7AF5A9F-BA2A-408B-8A95-460DB11C7218}.Release|Any CPU.ActiveCfg = Release|Any CPU
		{F7AF5A9F-BA2A-408B-8A95-460DB11C7218}.Release|Any CPU.Build.0 = Release|Any CPU
		{FB988175-BF6E-4379-9CA0-E10E5B87BA98}.Debug|Any CPU.ActiveCfg = Debug|Any CPU
		{FB988175-BF6E-4379-9CA0-E10E5B87BA98}.Debug|Any CPU.Build.0 = Debug|Any CPU
		{FB988175-BF6E-4379-9CA0-E10E5B87BA98}.Release|Any CPU.ActiveCfg = Release|Any CPU
		{FB988175-BF6E-4379-9CA0-E10E5B87BA98}.Release|Any CPU.Build.0 = Release|Any CPU
		{C030BF4E-3785-43A0-83FB-44EE41636225}.Debug|Any CPU.ActiveCfg = Debug|Any CPU
		{C030BF4E-3785-43A0-83FB-44EE41636225}.Debug|Any CPU.Build.0 = Debug|Any CPU
		{C030BF4E-3785-43A0-83FB-44EE41636225}.Release|Any CPU.ActiveCfg = Release|Any CPU
		{C030BF4E-3785-43A0-83FB-44EE41636225}.Release|Any CPU.Build.0 = Release|Any CPU
		{896CA693-D85E-4B04-A199-8DD70A720DAB}.Debug|Any CPU.ActiveCfg = Debug|Any CPU
		{896CA693-D85E-4B04-A199-8DD70A720DAB}.Debug|Any CPU.Build.0 = Debug|Any CPU
		{896CA693-D85E-4B04-A199-8DD70A720DAB}.Release|Any CPU.ActiveCfg = Release|Any CPU
		{896CA693-D85E-4B04-A199-8DD70A720DAB}.Release|Any CPU.Build.0 = Release|Any CPU
		{509711DF-D469-4B0B-B11B-AD720FC3328F}.Debug|Any CPU.ActiveCfg = Debug|Any CPU
		{509711DF-D469-4B0B-B11B-AD720FC3328F}.Debug|Any CPU.Build.0 = Debug|Any CPU
		{509711DF-D469-4B0B-B11B-AD720FC3328F}.Release|Any CPU.ActiveCfg = Release|Any CPU
		{509711DF-D469-4B0B-B11B-AD720FC3328F}.Release|Any CPU.Build.0 = Release|Any CPU
		{41AA562C-24F2-4B9A-95B7-0741BBCE5A98}.Debug|Any CPU.ActiveCfg = Debug|Any CPU
		{41AA562C-24F2-4B9A-95B7-0741BBCE5A98}.Debug|Any CPU.Build.0 = Debug|Any CPU
		{41AA562C-24F2-4B9A-95B7-0741BBCE5A98}.Release|Any CPU.ActiveCfg = Release|Any CPU
		{41AA562C-24F2-4B9A-95B7-0741BBCE5A98}.Release|Any CPU.Build.0 = Release|Any CPU
		{36F87922-CBD7-44D1-9758-CC0AA1B52E4C}.Debug|Any CPU.ActiveCfg = Debug|Any CPU
		{36F87922-CBD7-44D1-9758-CC0AA1B52E4C}.Debug|Any CPU.Build.0 = Debug|Any CPU
		{36F87922-CBD7-44D1-9758-CC0AA1B52E4C}.Release|Any CPU.ActiveCfg = Release|Any CPU
		{36F87922-CBD7-44D1-9758-CC0AA1B52E4C}.Release|Any CPU.Build.0 = Release|Any CPU
		{D96D9447-0B8E-4DED-AF8B-E18278590F4E}.Debug|Any CPU.ActiveCfg = Debug|Any CPU
		{D96D9447-0B8E-4DED-AF8B-E18278590F4E}.Debug|Any CPU.Build.0 = Debug|Any CPU
		{D96D9447-0B8E-4DED-AF8B-E18278590F4E}.Release|Any CPU.ActiveCfg = Release|Any CPU
		{D96D9447-0B8E-4DED-AF8B-E18278590F4E}.Release|Any CPU.Build.0 = Release|Any CPU
		{3C00B4AE-3BF4-4A65-8391-22B64D8C4FA5}.Debug|Any CPU.ActiveCfg = Debug|Any CPU
		{3C00B4AE-3BF4-4A65-8391-22B64D8C4FA5}.Debug|Any CPU.Build.0 = Debug|Any CPU
		{3C00B4AE-3BF4-4A65-8391-22B64D8C4FA5}.Release|Any CPU.ActiveCfg = Release|Any CPU
		{3C00B4AE-3BF4-4A65-8391-22B64D8C4FA5}.Release|Any CPU.Build.0 = Release|Any CPU
		{77C9A695-E355-430C-848B-32089F67CD65}.Debug|Any CPU.ActiveCfg = Debug|Any CPU
		{77C9A695-E355-430C-848B-32089F67CD65}.Debug|Any CPU.Build.0 = Debug|Any CPU
		{77C9A695-E355-430C-848B-32089F67CD65}.Release|Any CPU.ActiveCfg = Release|Any CPU
		{77C9A695-E355-430C-848B-32089F67CD65}.Release|Any CPU.Build.0 = Release|Any CPU
		{6C845335-87B6-4784-A41D-FE53214AFBD1}.Debug|Any CPU.ActiveCfg = Debug|Any CPU
		{6C845335-87B6-4784-A41D-FE53214AFBD1}.Debug|Any CPU.Build.0 = Debug|Any CPU
		{6C845335-87B6-4784-A41D-FE53214AFBD1}.Release|Any CPU.ActiveCfg = Release|Any CPU
		{6C845335-87B6-4784-A41D-FE53214AFBD1}.Release|Any CPU.Build.0 = Release|Any CPU
		{A2515B10-BA7E-4DC9-A9DE-336E7B8A46AA}.Debug|Any CPU.ActiveCfg = Debug|Any CPU
		{A2515B10-BA7E-4DC9-A9DE-336E7B8A46AA}.Debug|Any CPU.Build.0 = Debug|Any CPU
		{A2515B10-BA7E-4DC9-A9DE-336E7B8A46AA}.Release|Any CPU.ActiveCfg = Release|Any CPU
		{A2515B10-BA7E-4DC9-A9DE-336E7B8A46AA}.Release|Any CPU.Build.0 = Release|Any CPU
		{768F239C-F8FB-498C-9C44-9E4543E7657B}.Debug|Any CPU.ActiveCfg = Debug|Any CPU
		{768F239C-F8FB-498C-9C44-9E4543E7657B}.Debug|Any CPU.Build.0 = Debug|Any CPU
		{768F239C-F8FB-498C-9C44-9E4543E7657B}.Release|Any CPU.ActiveCfg = Release|Any CPU
		{768F239C-F8FB-498C-9C44-9E4543E7657B}.Release|Any CPU.Build.0 = Release|Any CPU
		{5DDF81EC-B792-4B18-A210-8B80F6D2DC30}.Debug|Any CPU.ActiveCfg = Debug|Any CPU
		{5DDF81EC-B792-4B18-A210-8B80F6D2DC30}.Debug|Any CPU.Build.0 = Debug|Any CPU
		{5DDF81EC-B792-4B18-A210-8B80F6D2DC30}.Release|Any CPU.ActiveCfg = Release|Any CPU
		{5DDF81EC-B792-4B18-A210-8B80F6D2DC30}.Release|Any CPU.Build.0 = Release|Any CPU
		{E597D448-867B-4790-B515-1A232083E9E6}.Debug|Any CPU.ActiveCfg = Debug|Any CPU
		{E597D448-867B-4790-B515-1A232083E9E6}.Debug|Any CPU.Build.0 = Debug|Any CPU
		{E597D448-867B-4790-B515-1A232083E9E6}.Release|Any CPU.ActiveCfg = Release|Any CPU
		{E597D448-867B-4790-B515-1A232083E9E6}.Release|Any CPU.Build.0 = Release|Any CPU
		{2EED0249-E170-4186-8ED1-122F1FF4D232}.Debug|Any CPU.ActiveCfg = Debug|Any CPU
		{2EED0249-E170-4186-8ED1-122F1FF4D232}.Debug|Any CPU.Build.0 = Debug|Any CPU
		{2EED0249-E170-4186-8ED1-122F1FF4D232}.Release|Any CPU.ActiveCfg = Release|Any CPU
		{2EED0249-E170-4186-8ED1-122F1FF4D232}.Release|Any CPU.Build.0 = Release|Any CPU
		{58A4D907-0260-4060-91ED-BD8A6D0E72E4}.Debug|Any CPU.ActiveCfg = Debug|Any CPU
		{58A4D907-0260-4060-91ED-BD8A6D0E72E4}.Debug|Any CPU.Build.0 = Debug|Any CPU
		{58A4D907-0260-4060-91ED-BD8A6D0E72E4}.Release|Any CPU.ActiveCfg = Release|Any CPU
		{58A4D907-0260-4060-91ED-BD8A6D0E72E4}.Release|Any CPU.Build.0 = Release|Any CPU
		{45816F34-BD51-4B0A-B535-F5636D60AD25}.Debug|Any CPU.ActiveCfg = Debug|Any CPU
		{45816F34-BD51-4B0A-B535-F5636D60AD25}.Debug|Any CPU.Build.0 = Debug|Any CPU
		{45816F34-BD51-4B0A-B535-F5636D60AD25}.Release|Any CPU.ActiveCfg = Release|Any CPU
		{45816F34-BD51-4B0A-B535-F5636D60AD25}.Release|Any CPU.Build.0 = Release|Any CPU
		{51B33E00-1CF1-4499-ACF4-965B73357172}.Debug|Any CPU.ActiveCfg = Debug|Any CPU
		{51B33E00-1CF1-4499-ACF4-965B73357172}.Debug|Any CPU.Build.0 = Debug|Any CPU
		{51B33E00-1CF1-4499-ACF4-965B73357172}.Release|Any CPU.ActiveCfg = Release|Any CPU
		{51B33E00-1CF1-4499-ACF4-965B73357172}.Release|Any CPU.Build.0 = Release|Any CPU
		{6E8CD2F9-9546-41C2-89D2-0D64809AE127}.Debug|Any CPU.ActiveCfg = Debug|Any CPU
		{6E8CD2F9-9546-41C2-89D2-0D64809AE127}.Debug|Any CPU.Build.0 = Debug|Any CPU
		{6E8CD2F9-9546-41C2-89D2-0D64809AE127}.Release|Any CPU.ActiveCfg = Release|Any CPU
		{6E8CD2F9-9546-41C2-89D2-0D64809AE127}.Release|Any CPU.Build.0 = Release|Any CPU
		{59CB9BD2-EE25-40AC-9790-7C3806647FD9}.Debug|Any CPU.ActiveCfg = Debug|Any CPU
		{59CB9BD2-EE25-40AC-9790-7C3806647FD9}.Debug|Any CPU.Build.0 = Debug|Any CPU
		{59CB9BD2-EE25-40AC-9790-7C3806647FD9}.Release|Any CPU.ActiveCfg = Release|Any CPU
		{59CB9BD2-EE25-40AC-9790-7C3806647FD9}.Release|Any CPU.Build.0 = Release|Any CPU
		{CF96E0F5-057D-4518-BAEE-1633388471B5}.Debug|Any CPU.ActiveCfg = Debug|Any CPU
		{CF96E0F5-057D-4518-BAEE-1633388471B5}.Debug|Any CPU.Build.0 = Debug|Any CPU
		{CF96E0F5-057D-4518-BAEE-1633388471B5}.Release|Any CPU.ActiveCfg = Release|Any CPU
		{CF96E0F5-057D-4518-BAEE-1633388471B5}.Release|Any CPU.Build.0 = Release|Any CPU
		{9AF4AC9F-1D30-4D74-A9E4-E2705E9B84FF}.Debug|Any CPU.ActiveCfg = Debug|Any CPU
		{9AF4AC9F-1D30-4D74-A9E4-E2705E9B84FF}.Debug|Any CPU.Build.0 = Debug|Any CPU
		{9AF4AC9F-1D30-4D74-A9E4-E2705E9B84FF}.Release|Any CPU.ActiveCfg = Release|Any CPU
		{9AF4AC9F-1D30-4D74-A9E4-E2705E9B84FF}.Release|Any CPU.Build.0 = Release|Any CPU
		{70CB78E6-8E1D-4075-B807-C43DDD9931D7}.Debug|Any CPU.ActiveCfg = Debug|Any CPU
		{70CB78E6-8E1D-4075-B807-C43DDD9931D7}.Debug|Any CPU.Build.0 = Debug|Any CPU
		{70CB78E6-8E1D-4075-B807-C43DDD9931D7}.Release|Any CPU.ActiveCfg = Release|Any CPU
		{70CB78E6-8E1D-4075-B807-C43DDD9931D7}.Release|Any CPU.Build.0 = Release|Any CPU
	EndGlobalSection
	GlobalSection(SolutionProperties) = preSolution
		HideSolutionNode = FALSE
	EndGlobalSection
	GlobalSection(NestedProjects) = preSolution
		{13133B73-A2E1-4FBF-A151-2DB585A86595} = {946C640B-F627-4BAC-A004-4D2894B90217}
		{3F25835A-AB50-4799-8A30-F112FEA11F73} = {35BFA8AC-EF57-45F1-B6B0-3CD0D5EB3B0E}
		{544B9C27-566A-4584-B344-2EE4CF7763F7} = {E3A0ADF8-330B-4990-99A3-E6BE2C6A0150}
		{A93BCF6C-2A35-45CE-927E-ADD2762EB2E9} = {544B9C27-566A-4584-B344-2EE4CF7763F7}
		{F7AF5A9F-BA2A-408B-8A95-460DB11C7218} = {4F3905AB-01F8-45C1-8842-A15A892C3E9E}
		{FB988175-BF6E-4379-9CA0-E10E5B87BA98} = {A7EAE5C8-F5B9-4199-8A1F-DA9BB8C820BC}
		{C030BF4E-3785-43A0-83FB-44EE41636225} = {D56A78BE-07CD-47D8-B2AA-8B09188D26D0}
		{F43935C1-78E1-4DBD-A83E-5D078F23F6CF} = {C0DFCD51-7BD1-4FFB-B2D3-34DFAFC95512}
		{896CA693-D85E-4B04-A199-8DD70A720DAB} = {F43935C1-78E1-4DBD-A83E-5D078F23F6CF}
		{95CBB3DB-5BF9-4E75-8417-F07A7E93314C} = {E3A0ADF8-330B-4990-99A3-E6BE2C6A0150}
		{509711DF-D469-4B0B-B11B-AD720FC3328F} = {95CBB3DB-5BF9-4E75-8417-F07A7E93314C}
		{BF3DB2D7-83B1-4229-9812-CC9712353B25} = {77AF2AC1-9398-4F50-9E34-D0BE428E2B9F}
		{41AA562C-24F2-4B9A-95B7-0741BBCE5A98} = {BF3DB2D7-83B1-4229-9812-CC9712353B25}
		{36F87922-CBD7-44D1-9758-CC0AA1B52E4C} = {7B6E110E-0ABC-4343-994D-61C50469E5FF}
		{D96D9447-0B8E-4DED-AF8B-E18278590F4E} = {F5F834E6-B545-49B8-8B5E-83CEBA6E1529}
		{1CD9299B-C0C3-4336-B1A3-78A56E3CFDA6} = {3E624B98-A87B-4B67-89D9-D28868D1898A}
		{3C00B4AE-3BF4-4A65-8391-22B64D8C4FA5} = {1CD9299B-C0C3-4336-B1A3-78A56E3CFDA6}
		{DB9C7DC1-45F2-4164-89A0-10D604D4E3F9} = {CA7938E3-D2A6-4D82-B80F-6C5450E3CA32}
		{77C9A695-E355-430C-848B-32089F67CD65} = {DB9C7DC1-45F2-4164-89A0-10D604D4E3F9}
		{3E705964-AE59-427D-8149-3A3D8107821C} = {3E624B98-A87B-4B67-89D9-D28868D1898A}
		{6C845335-87B6-4784-A41D-FE53214AFBD1} = {3E705964-AE59-427D-8149-3A3D8107821C}
		{A2515B10-BA7E-4DC9-A9DE-336E7B8A46AA} = {5418CBA8-1174-4BBB-BB64-7F4363C16F23}
		{86AC4D9C-6887-4BF0-8D01-EA017E56FCD9} = {77AF2AC1-9398-4F50-9E34-D0BE428E2B9F}
		{768F239C-F8FB-498C-9C44-9E4543E7657B} = {86AC4D9C-6887-4BF0-8D01-EA017E56FCD9}
		{3D6E3940-E1BB-4989-9544-EF91A94DE213} = {CA7938E3-D2A6-4D82-B80F-6C5450E3CA32}
		{5DDF81EC-B792-4B18-A210-8B80F6D2DC30} = {3D6E3940-E1BB-4989-9544-EF91A94DE213}
		{86C03A58-E219-403D-BD99-D4872C46365A} = {8E2A2FFA-0E0E-406A-ADB0-A6F85856F33E}
		{E597D448-867B-4790-B515-1A232083E9E6} = {86C03A58-E219-403D-BD99-D4872C46365A}
		{2EED0249-E170-4186-8ED1-122F1FF4D232} = {2A6616F1-5B96-4D62-BA71-02BCF764B94E}
		{409F2BFB-28C1-4829-BA8C-82C74B09C6EE} = {C0DFCD51-7BD1-4FFB-B2D3-34DFAFC95512}
		{58A4D907-0260-4060-91ED-BD8A6D0E72E4} = {409F2BFB-28C1-4829-BA8C-82C74B09C6EE}
		{45816F34-BD51-4B0A-B535-F5636D60AD25} = {695F1F5E-EE91-42BB-9ECA-1452896ABD6F}
		{9A8615CB-4F71-4F07-9AC2-3D0210A1FEA2} = {8E2A2FFA-0E0E-406A-ADB0-A6F85856F33E}
		{51B33E00-1CF1-4499-ACF4-965B73357172} = {9A8615CB-4F71-4F07-9AC2-3D0210A1FEA2}
		{6E8CD2F9-9546-41C2-89D2-0D64809AE127} = {86AC4D9C-6887-4BF0-8D01-EA017E56FCD9}
		{59CB9BD2-EE25-40AC-9790-7C3806647FD9} = {E3A0ADF8-330B-4990-99A3-E6BE2C6A0150}
		{CF96E0F5-057D-4518-BAEE-1633388471B5} = {0217B90E-B8B4-4F05-B496-F3BF11FB85C6}
		{9AF4AC9F-1D30-4D74-A9E4-E2705E9B84FF} = {0217B90E-B8B4-4F05-B496-F3BF11FB85C6}
		{70CB78E6-8E1D-4075-B807-C43DDD9931D7} = {3E624B98-A87B-4B67-89D9-D28868D1898A}
	EndGlobalSection
	GlobalSection(ExtensibilityGlobals) = postSolution
		SolutionGuid = {B4F995DA-36E5-48F0-837C-B21C9E3E2F5B}
	EndGlobalSection
EndGlobal
