
Microsoft Visual Studio Solution File, Format Version 12.00
# Visual Studio Version 16
VisualStudioVersion = 16.0.32929.386
MinimumVisualStudioVersion = 10.0.40219.1
Project("{FAE04EC0-301F-11D3-BF4B-00C04F79EFBC}") = "adarbasketballwebsite", "adar.g\adarbasketballwebsite (1)\adarbasketballwebsite\adarbasketballwebsite.csproj", "{13133B73-A2E1-4FBF-A151-2DB585A86595}"
EndProject
Project("{2150E333-8FDC-42A3-9474-1A3956D46DE8}") = "ToDo", "ToDo", "{43918CF1-7422-426C-B6BB-1A168F965FF2}"
EndProject
Project("{2150E333-8FDC-42A3-9474-1A3956D46DE8}") = "Do", "Do", "{0D2DCB0C-C089-4960-929A-245A3593CD3A}"
EndProject
Project("{2150E333-8FDC-42A3-9474-1A3956D46DE8}") = "Done", "Done", "{26D676BD-BF44-41CD-A54F-DFA4533E5AF6}"
EndProject
Project("{2150E333-8FDC-42A3-9474-1A3956D46DE8}") = "adar.g", "adar.g", "{946C640B-F627-4BAC-A004-4D2894B90217}"
EndProject
Project("{2150E333-8FDC-42A3-9474-1A3956D46DE8}") = "alon.k", "alon.k", "{35BFA8AC-EF57-45F1-B6B0-3CD0D5EB3B0E}"
EndProject
Project("{FAE04EC0-301F-11D3-BF4B-00C04F79EFBC}") = "������� �����", "alon.k\פרוייקט מחצית\������� �����\������� �����\������� �����.csproj", "{3F25835A-AB50-4799-8A30-F112FEA11F73}"
EndProject
Project("{2150E333-8FDC-42A3-9474-1A3956D46DE8}") = "avishai.s", "avishai.s", "{544B9C27-566A-4584-B344-2EE4CF7763F7}"
EndProject
Project("{FAE04EC0-301F-11D3-BF4B-00C04F79EFBC}") = "ido and avishai web", "avishai.s\ido and avishai web\ido and avishai web\ido and avishai web\ido and avishai web.csproj", "{A93BCF6C-2A35-45CE-927E-ADD2762EB2E9}"
EndProject
Project("{2150E333-8FDC-42A3-9474-1A3956D46DE8}") = "ayala.t", "ayala.t", "{4F3905AB-01F8-45C1-8842-A15A892C3E9E}"
EndProject
Project("{FAE04EC0-301F-11D3-BF4B-00C04F79EFBC}") = "half.project.hh1", "ayala.t\bin\half.project.hh1.csproj", "{F7AF5A9F-BA2A-408B-8A95-460DB11C7218}"
EndProject
Project("{2150E333-8FDC-42A3-9474-1A3956D46DE8}") = "eitan.v", "eitan.v", "{A7EAE5C8-F5B9-4199-8A1F-DA9BB8C820BC}"
EndProject
Project("{FAE04EC0-301F-11D3-BF4B-00C04F79EFBC}") = "project hezi", "eitan.v\project hezi\project hezi\project hezi.csproj", "{FB988175-BF6E-4379-9CA0-E10E5B87BA98}"
EndProject
Project("{2150E333-8FDC-42A3-9474-1A3956D46DE8}") = "ela.g", "ela.g", "{D56A78BE-07CD-47D8-B2AA-8B09188D26D0}"
EndProject
Project("{FAE04EC0-301F-11D3-BF4B-00C04F79EFBC}") = "SciFi", "ela.g\SciFi\SciFi\SciFi\SciFi.csproj", "{C030BF4E-3785-43A0-83FB-44EE41636225}"
EndProject
Project("{2150E333-8FDC-42A3-9474-1A3956D46DE8}") = "gali.s", "gali.s", "{F43935C1-78E1-4DBD-A83E-5D078F23F6CF}"
EndProject
Project("{FAE04EC0-301F-11D3-BF4B-00C04F79EFBC}") = "halfProjectGaliTomer", "gali.s\halfProjectGaliTomer\halfProjectGaliTomer\halfProjectGaliTomer\halfProjectGaliTomer.csproj", "{896CA693-D85E-4B04-A199-8DD70A720DAB}"
EndProject
Project("{2150E333-8FDC-42A3-9474-1A3956D46DE8}") = "ido.h", "ido.h", "{95CBB3DB-5BF9-4E75-8417-F07A7E93314C}"
EndProject
Project("{FAE04EC0-301F-11D3-BF4B-00C04F79EFBC}") = "ido and avishai web", "ido.h\ido and avishai web\ido and avishai web\ido and avishai web\ido and avishai web.csproj", "{509711DF-D469-4B0B-B11B-AD720FC3328F}"
EndProject
Project("{2150E333-8FDC-42A3-9474-1A3956D46DE8}") = "itai.s", "itai.s", "{BF3DB2D7-83B1-4229-9812-CC9712353B25}"
EndProject
Project("{FAE04EC0-301F-11D3-BF4B-00C04F79EFBC}") = "Half_project_mondial", "itai.s\Half_project_mondial (2)\Half_project_mondial\Half_project_mondial.csproj", "{41AA562C-24F2-4B9A-95B7-0741BBCE5A98}"
EndProject
Project("{2150E333-8FDC-42A3-9474-1A3956D46DE8}") = "itai.t", "itai.t", "{7B6E110E-0ABC-4343-994D-61C50469E5FF}"
EndProject
Project("{FAE04EC0-301F-11D3-BF4B-00C04F79EFBC}") = "avodat hetzi", "itai.t\avodat hetzi\avodat hetzi\avodat hetzi.csproj", "{36F87922-CBD7-44D1-9758-CC0AA1B52E4C}"
EndProject
Project("{2150E333-8FDC-42A3-9474-1A3956D46DE8}") = "koren.m", "koren.m", "{F5F834E6-B545-49B8-8B5E-83CEBA6E1529}"
EndProject
Project("{FAE04EC0-301F-11D3-BF4B-00C04F79EFBC}") = "projecthazii2", "koren.m\ProjectHtazi\projecthazii2\projecthazii2\projecthazii2.csproj", "{D96D9447-0B8E-4DED-AF8B-E18278590F4E}"
EndProject
Project("{2150E333-8FDC-42A3-9474-1A3956D46DE8}") = "lia.o", "lia.o", "{1CD9299B-C0C3-4336-B1A3-78A56E3CFDA6}"
EndProject
Project("{FAE04EC0-301F-11D3-BF4B-00C04F79EFBC}") = "projecthechi", "lia.o\project2 (3)\project2\projecthechi.csproj", "{3C00B4AE-3BF4-4A65-8391-22B64D8C4FA5}"
EndProject
Project("{2150E333-8FDC-42A3-9474-1A3956D46DE8}") = "matan.h", "matan.h", "{DB9C7DC1-45F2-4164-89A0-10D604D4E3F9}"
EndProject
Project("{FAE04EC0-301F-11D3-BF4B-00C04F79EFBC}") = "WebApplication1", "matan.h\WebApplication1\WebApplication1.csproj", "{77C9A695-E355-430C-848B-32089F67CD65}"
EndProject
Project("{2150E333-8FDC-42A3-9474-1A3956D46DE8}") = "noa.n", "noa.n", "{3E705964-AE59-427D-8149-3A3D8107821C}"
EndProject
Project("{FAE04EC0-301F-11D3-BF4B-00C04F79EFBC}") = "projecthechi", "noa.n\project2 (2)\project2\projecthechi.csproj", "{6C845335-87B6-4784-A41D-FE53214AFBD1}"
EndProject
Project("{2150E333-8FDC-42A3-9474-1A3956D46DE8}") = "roee.b", "roee.b", "{5418CBA8-1174-4BBB-BB64-7F4363C16F23}"
EndProject
Project("{FAE04EC0-301F-11D3-BF4B-00C04F79EFBC}") = "FinalProject", "roee.b\Files\WDclass-final-project-1\FinalProject\FinalProject.csproj", "{A2515B10-BA7E-4DC9-A9DE-336E7B8A46AA}"
EndProject
Project("{2150E333-8FDC-42A3-9474-1A3956D46DE8}") = "roni.a", "roni.a", "{86AC4D9C-6887-4BF0-8D01-EA017E56FCD9}"
EndProject
Project("{FAE04EC0-301F-11D3-BF4B-00C04F79EFBC}") = "Half_project_mondial", "roni.a\Half_project_mondial (2)\Half_project_mondial\Half_project_mondial.csproj", "{768F239C-F8FB-498C-9C44-9E4543E7657B}"
EndProject
Project("{2150E333-8FDC-42A3-9474-1A3956D46DE8}") = "NewFolder1", "NewFolder1", "{EA9AB23D-BA30-4163-864F-AECDC1BE87AD}"
EndProject
Project("{FAE04EC0-301F-11D3-BF4B-00C04F79EFBC}") = "Spiderman", "rotem.v\Spiderman\Spiderman\Spiderman\Spiderman.csproj", "{7C508786-8776-4ECB-89D7-DA144B1211B0}"
EndProject
Project("{FAE04EC0-301F-11D3-BF4B-00C04F79EFBC}") = "Website- semester project", "rotem.v\Spiderman\Spiderman\Spiderman\Website- semester project.csproj", "{2D54BD8C-1093-4336-8779-4A22368801C7}"
EndProject
Global
	GlobalSection(SolutionConfigurationPlatforms) = preSolution
		Debug|Any CPU = Debug|Any CPU
		Release|Any CPU = Release|Any CPU
	EndGlobalSection
	GlobalSection(ProjectConfigurationPlatforms) = postSolution
		{13133B73-A2E1-4FBF-A151-2DB585A86595}.Debug|Any CPU.ActiveCfg = Debug|Any CPU
		{13133B73-A2E1-4FBF-A151-2DB585A86595}.Debug|Any CPU.Build.0 = Debug|Any CPU
		{13133B73-A2E1-4FBF-A151-2DB585A86595}.Release|Any CPU.ActiveCfg = Release|Any CPU
		{13133B73-A2E1-4FBF-A151-2DB585A86595}.Release|Any CPU.Build.0 = Release|Any CPU
		{3F25835A-AB50-4799-8A30-F112FEA11F73}.Debug|Any CPU.ActiveCfg = Debug|Any CPU
		{3F25835A-AB50-4799-8A30-F112FEA11F73}.Debug|Any CPU.Build.0 = Debug|Any CPU
		{3F25835A-AB50-4799-8A30-F112FEA11F73}.Release|Any CPU.ActiveCfg = Release|Any CPU
		{3F25835A-AB50-4799-8A30-F112FEA11F73}.Release|Any CPU.Build.0 = Release|Any CPU
		{A93BCF6C-2A35-45CE-927E-ADD2762EB2E9}.Debug|Any CPU.ActiveCfg = Debug|Any CPU
		{A93BCF6C-2A35-45CE-927E-ADD2762EB2E9}.Debug|Any CPU.Build.0 = Debug|Any CPU
		{A93BCF6C-2A35-45CE-927E-ADD2762EB2E9}.Release|Any CPU.ActiveCfg = Release|Any CPU
		{A93BCF6C-2A35-45CE-927E-ADD2762EB2E9}.Release|Any CPU.Build.0 = Release|Any CPU
		{F7AF5A9F-BA2A-408B-8A95-460DB11C7218}.Debug|Any CPU.ActiveCfg = Debug|Any CPU
		{F7AF5A9F-BA2A-408B-8A95-460DB11C7218}.Debug|Any CPU.Build.0 = Debug|Any CPU
		{F7AF5A9F-BA2A-408B-8A95-460DB11C7218}.Release|Any CPU.ActiveCfg = Release|Any CPU
		{F7AF5A9F-BA2A-408B-8A95-460DB11C7218}.Release|Any CPU.Build.0 = Release|Any CPU
		{FB988175-BF6E-4379-9CA0-E10E5B87BA98}.Debug|Any CPU.ActiveCfg = Debug|Any CPU
		{FB988175-BF6E-4379-9CA0-E10E5B87BA98}.Debug|Any CPU.Build.0 = Debug|Any CPU
		{FB988175-BF6E-4379-9CA0-E10E5B87BA98}.Release|Any CPU.ActiveCfg = Release|Any CPU
		{FB988175-BF6E-4379-9CA0-E10E5B87BA98}.Release|Any CPU.Build.0 = Release|Any CPU
		{C030BF4E-3785-43A0-83FB-44EE41636225}.Debug|Any CPU.ActiveCfg = Debug|Any CPU
		{C030BF4E-3785-43A0-83FB-44EE41636225}.Debug|Any CPU.Build.0 = Debug|Any CPU
		{C030BF4E-3785-43A0-83FB-44EE41636225}.Release|Any CPU.ActiveCfg = Release|Any CPU
		{C030BF4E-3785-43A0-83FB-44EE41636225}.Release|Any CPU.Build.0 = Release|Any CPU
		{896CA693-D85E-4B04-A199-8DD70A720DAB}.Debug|Any CPU.ActiveCfg = Debug|Any CPU
		{896CA693-D85E-4B04-A199-8DD70A720DAB}.Debug|Any CPU.Build.0 = Debug|Any CPU
		{896CA693-D85E-4B04-A199-8DD70A720DAB}.Release|Any CPU.ActiveCfg = Release|Any CPU
		{896CA693-D85E-4B04-A199-8DD70A720DAB}.Release|Any CPU.Build.0 = Release|Any CPU
		{509711DF-D469-4B0B-B11B-AD720FC3328F}.Debug|Any CPU.ActiveCfg = Debug|Any CPU
		{509711DF-D469-4B0B-B11B-AD720FC3328F}.Debug|Any CPU.Build.0 = Debug|Any CPU
		{509711DF-D469-4B0B-B11B-AD720FC3328F}.Release|Any CPU.ActiveCfg = Release|Any CPU
		{509711DF-D469-4B0B-B11B-AD720FC3328F}.Release|Any CPU.Build.0 = Release|Any CPU
		{41AA562C-24F2-4B9A-95B7-0741BBCE5A98}.Debug|Any CPU.ActiveCfg = Debug|Any CPU
		{41AA562C-24F2-4B9A-95B7-0741BBCE5A98}.Debug|Any CPU.Build.0 = Debug|Any CPU
		{41AA562C-24F2-4B9A-95B7-0741BBCE5A98}.Release|Any CPU.ActiveCfg = Release|Any CPU
		{41AA562C-24F2-4B9A-95B7-0741BBCE5A98}.Release|Any CPU.Build.0 = Release|Any CPU
		{36F87922-CBD7-44D1-9758-CC0AA1B52E4C}.Debug|Any CPU.ActiveCfg = Debug|Any CPU
		{36F87922-CBD7-44D1-9758-CC0AA1B52E4C}.Debug|Any CPU.Build.0 = Debug|Any CPU
		{36F87922-CBD7-44D1-9758-CC0AA1B52E4C}.Release|Any CPU.ActiveCfg = Release|Any CPU
		{36F87922-CBD7-44D1-9758-CC0AA1B52E4C}.Release|Any CPU.Build.0 = Release|Any CPU
		{D96D9447-0B8E-4DED-AF8B-E18278590F4E}.Debug|Any CPU.ActiveCfg = Debug|Any CPU
		{D96D9447-0B8E-4DED-AF8B-E18278590F4E}.Debug|Any CPU.Build.0 = Debug|Any CPU
		{D96D9447-0B8E-4DED-AF8B-E18278590F4E}.Release|Any CPU.ActiveCfg = Release|Any CPU
		{D96D9447-0B8E-4DED-AF8B-E18278590F4E}.Release|Any CPU.Build.0 = Release|Any CPU
		{3C00B4AE-3BF4-4A65-8391-22B64D8C4FA5}.Debug|Any CPU.ActiveCfg = Debug|Any CPU
		{3C00B4AE-3BF4-4A65-8391-22B64D8C4FA5}.Debug|Any CPU.Build.0 = Debug|Any CPU
		{3C00B4AE-3BF4-4A65-8391-22B64D8C4FA5}.Release|Any CPU.ActiveCfg = Release|Any CPU
		{3C00B4AE-3BF4-4A65-8391-22B64D8C4FA5}.Release|Any CPU.Build.0 = Release|Any CPU
		{77C9A695-E355-430C-848B-32089F67CD65}.Debug|Any CPU.ActiveCfg = Debug|Any CPU
		{77C9A695-E355-430C-848B-32089F67CD65}.Debug|Any CPU.Build.0 = Debug|Any CPU
		{77C9A695-E355-430C-848B-32089F67CD65}.Release|Any CPU.ActiveCfg = Release|Any CPU
		{77C9A695-E355-430C-848B-32089F67CD65}.Release|Any CPU.Build.0 = Release|Any CPU
		{6C845335-87B6-4784-A41D-FE53214AFBD1}.Debug|Any CPU.ActiveCfg = Debug|Any CPU
		{6C845335-87B6-4784-A41D-FE53214AFBD1}.Debug|Any CPU.Build.0 = Debug|Any CPU
		{6C845335-87B6-4784-A41D-FE53214AFBD1}.Release|Any CPU.ActiveCfg = Release|Any CPU
		{6C845335-87B6-4784-A41D-FE53214AFBD1}.Release|Any CPU.Build.0 = Release|Any CPU
		{A2515B10-BA7E-4DC9-A9DE-336E7B8A46AA}.Debug|Any CPU.ActiveCfg = Debug|Any CPU
		{A2515B10-BA7E-4DC9-A9DE-336E7B8A46AA}.Debug|Any CPU.Build.0 = Debug|Any CPU
		{A2515B10-BA7E-4DC9-A9DE-336E7B8A46AA}.Release|Any CPU.ActiveCfg = Release|Any CPU
		{A2515B10-BA7E-4DC9-A9DE-336E7B8A46AA}.Release|Any CPU.Build.0 = Release|Any CPU
		{768F239C-F8FB-498C-9C44-9E4543E7657B}.Debug|Any CPU.ActiveCfg = Debug|Any CPU
		{768F239C-F8FB-498C-9C44-9E4543E7657B}.Debug|Any CPU.Build.0 = Debug|Any CPU
		{768F239C-F8FB-498C-9C44-9E4543E7657B}.Release|Any CPU.ActiveCfg = Release|Any CPU
		{768F239C-F8FB-498C-9C44-9E4543E7657B}.Release|Any CPU.Build.0 = Release|Any CPU
		{7C508786-8776-4ECB-89D7-DA144B1211B0}.Debug|Any CPU.ActiveCfg = Debug|Any CPU
		{7C508786-8776-4ECB-89D7-DA144B1211B0}.Debug|Any CPU.Build.0 = Debug|Any CPU
		{7C508786-8776-4ECB-89D7-DA144B1211B0}.Release|Any CPU.ActiveCfg = Release|Any CPU
		{7C508786-8776-4ECB-89D7-DA144B1211B0}.Release|Any CPU.Build.0 = Release|Any CPU
		{2D54BD8C-1093-4336-8779-4A22368801C7}.Debug|Any CPU.ActiveCfg = Debug|Any CPU
		{2D54BD8C-1093-4336-8779-4A22368801C7}.Debug|Any CPU.Build.0 = Debug|Any CPU
		{2D54BD8C-1093-4336-8779-4A22368801C7}.Release|Any CPU.ActiveCfg = Release|Any CPU
		{2D54BD8C-1093-4336-8779-4A22368801C7}.Release|Any CPU.Build.0 = Release|Any CPU
	EndGlobalSection
	GlobalSection(SolutionProperties) = preSolution
		HideSolutionNode = FALSE
	EndGlobalSection
	GlobalSection(NestedProjects) = preSolution
		{13133B73-A2E1-4FBF-A151-2DB585A86595} = {946C640B-F627-4BAC-A004-4D2894B90217}
		{946C640B-F627-4BAC-A004-4D2894B90217} = {43918CF1-7422-426C-B6BB-1A168F965FF2}
		{35BFA8AC-EF57-45F1-B6B0-3CD0D5EB3B0E} = {43918CF1-7422-426C-B6BB-1A168F965FF2}
		{3F25835A-AB50-4799-8A30-F112FEA11F73} = {35BFA8AC-EF57-45F1-B6B0-3CD0D5EB3B0E}
		{544B9C27-566A-4584-B344-2EE4CF7763F7} = {43918CF1-7422-426C-B6BB-1A168F965FF2}
		{A93BCF6C-2A35-45CE-927E-ADD2762EB2E9} = {544B9C27-566A-4584-B344-2EE4CF7763F7}
		{4F3905AB-01F8-45C1-8842-A15A892C3E9E} = {43918CF1-7422-426C-B6BB-1A168F965FF2}
		{F7AF5A9F-BA2A-408B-8A95-460DB11C7218} = {4F3905AB-01F8-45C1-8842-A15A892C3E9E}
		{A7EAE5C8-F5B9-4199-8A1F-DA9BB8C820BC} = {43918CF1-7422-426C-B6BB-1A168F965FF2}
		{FB988175-BF6E-4379-9CA0-E10E5B87BA98} = {A7EAE5C8-F5B9-4199-8A1F-DA9BB8C820BC}
		{D56A78BE-07CD-47D8-B2AA-8B09188D26D0} = {43918CF1-7422-426C-B6BB-1A168F965FF2}
		{C030BF4E-3785-43A0-83FB-44EE41636225} = {D56A78BE-07CD-47D8-B2AA-8B09188D26D0}
		{F43935C1-78E1-4DBD-A83E-5D078F23F6CF} = {43918CF1-7422-426C-B6BB-1A168F965FF2}
		{896CA693-D85E-4B04-A199-8DD70A720DAB} = {F43935C1-78E1-4DBD-A83E-5D078F23F6CF}
		{95CBB3DB-5BF9-4E75-8417-F07A7E93314C} = {43918CF1-7422-426C-B6BB-1A168F965FF2}
		{509711DF-D469-4B0B-B11B-AD720FC3328F} = {95CBB3DB-5BF9-4E75-8417-F07A7E93314C}
		{BF3DB2D7-83B1-4229-9812-CC9712353B25} = {43918CF1-7422-426C-B6BB-1A168F965FF2}
		{41AA562C-24F2-4B9A-95B7-0741BBCE5A98} = {BF3DB2D7-83B1-4229-9812-CC9712353B25}
		{7B6E110E-0ABC-4343-994D-61C50469E5FF} = {43918CF1-7422-426C-B6BB-1A168F965FF2}
		{36F87922-CBD7-44D1-9758-CC0AA1B52E4C} = {7B6E110E-0ABC-4343-994D-61C50469E5FF}
		{F5F834E6-B545-49B8-8B5E-83CEBA6E1529} = {43918CF1-7422-426C-B6BB-1A168F965FF2}
		{D96D9447-0B8E-4DED-AF8B-E18278590F4E} = {F5F834E6-B545-49B8-8B5E-83CEBA6E1529}
		{1CD9299B-C0C3-4336-B1A3-78A56E3CFDA6} = {43918CF1-7422-426C-B6BB-1A168F965FF2}
		{3C00B4AE-3BF4-4A65-8391-22B64D8C4FA5} = {1CD9299B-C0C3-4336-B1A3-78A56E3CFDA6}
		{DB9C7DC1-45F2-4164-89A0-10D604D4E3F9} = {43918CF1-7422-426C-B6BB-1A168F965FF2}
		{77C9A695-E355-430C-848B-32089F67CD65} = {DB9C7DC1-45F2-4164-89A0-10D604D4E3F9}
		{3E705964-AE59-427D-8149-3A3D8107821C} = {43918CF1-7422-426C-B6BB-1A168F965FF2}
		{6C845335-87B6-4784-A41D-FE53214AFBD1} = {3E705964-AE59-427D-8149-3A3D8107821C}
		{5418CBA8-1174-4BBB-BB64-7F4363C16F23} = {43918CF1-7422-426C-B6BB-1A168F965FF2}
		{A2515B10-BA7E-4DC9-A9DE-336E7B8A46AA} = {5418CBA8-1174-4BBB-BB64-7F4363C16F23}
		{86AC4D9C-6887-4BF0-8D01-EA017E56FCD9} = {43918CF1-7422-426C-B6BB-1A168F965FF2}
		{768F239C-F8FB-498C-9C44-9E4543E7657B} = {86AC4D9C-6887-4BF0-8D01-EA017E56FCD9}
		{EA9AB23D-BA30-4163-864F-AECDC1BE87AD} = {43918CF1-7422-426C-B6BB-1A168F965FF2}
		{7C508786-8776-4ECB-89D7-DA144B1211B0} = {EA9AB23D-BA30-4163-864F-AECDC1BE87AD}
		{2D54BD8C-1093-4336-8779-4A22368801C7} = {EA9AB23D-BA30-4163-864F-AECDC1BE87AD}
	EndGlobalSection
	GlobalSection(ExtensibilityGlobals) = postSolution
		SolutionGuid = {B4F995DA-36E5-48F0-837C-B21C9E3E2F5B}
	EndGlobalSection
EndGlobal
