
Microsoft Visual Studio Solution File, Format Version 12.00
# Visual Studio Version 16
VisualStudioVersion = 16.0.33214.272
MinimumVisualStudioVersion = 10.0.40219.1
Project("{FAE04EC0-301F-11D3-BF4B-00C04F79EFBC}") = "MusicStore", "MusicStore.csproj", "{3FDED858-8F6D-4D2B-AFCB-BA1AD7C94451}"
EndProject
Global
	GlobalSection(SolutionConfigurationPlatforms) = preSolution
		Debug|Any CPU = Debug|Any CPU
		Release|Any CPU = Release|Any CPU
	EndGlobalSection
	GlobalSection(ProjectConfigurationPlatforms) = postSolution
		{3FDED858-8F6D-4D2B-AFCB-BA1AD7C94451}.Debug|Any CPU.ActiveCfg = Debug|Any CPU
		{3FDED858-8F6D-4D2B-AFCB-BA1AD7C94451}.Debug|Any CPU.Build.0 = Debug|Any CPU
		{3FDED858-8F6D-4D2B-AFCB-BA1AD7C94451}.Release|Any CPU.ActiveCfg = Release|Any CPU
		{3FDED858-8F6D-4D2B-AFCB-BA1AD7C94451}.Release|Any CPU.Build.0 = Release|Any CPU
	EndGlobalSection
	GlobalSection(SolutionProperties) = preSolution
		HideSolutionNode = FALSE
	EndGlobalSection
	GlobalSection(ExtensibilityGlobals) = postSolution
		SolutionGuid = {D757FE11-C6E8-40D6-B9FB-3553ABADF6C0}
	EndGlobalSection
EndGlobal
